github.com/golang-jwt/jwt/v5 v5.3.0 h1:pv4AsKCKKZuqlgs5sUmn4x8UlGa0kEVt/puTpKx9vvo=
github.com/golang-jwt/jwt/v5 v5.3.0/go.mod h1:fxCRLWMO43lRc8nhHWY6LGqRcf+1gQWArsqaEUEa5bE=
github.com/google/uuid v1.6.0 h1:NIvaJDMOsjHA8n1jAhLSgzrAzy1Hgr+hNrb57e+94F0=
github.com/google/uuid v1.6.0/go.mod h1:TIyPZe4MgqvfeYDBFedMoGGpEw/LqOeaOT+nhxU+yHo=
github.com/spyzhov/ajson v0.9.6 h1:iJRDaLa+GjhCDAt1yFtU/LKMtLtsNVKkxqlpvrHHlpQ=
github.com/spyzhov/ajson v0.9.6/go.mod h1:a6oSw0MMb7Z5aD2tPoPO+jq11ETKgXUr2XktHdT8Wt8=
